
Microsoft Visual Studio Solution File, Format Version 12.00
# Visual Studio Version 17
VisualStudioVersion = 17.9.34622.214
MinimumVisualStudioVersion = 10.0.40219.1
Project("{2150E333-8FDC-42A3-9474-1A3956D46DE8}") = "FrontEnd", "FrontEnd", "{79F07C35-52B6-4E4D-A3AB-B0C4A24E8198}"
EndProject
Project("{2150E333-8FDC-42A3-9474-1A3956D46DE8}") = "Gateway", "Gateway", "{05EE8590-DA73-4C38-A98B-300C4A6E68E8}"
EndProject
Project("{2150E333-8FDC-42A3-9474-1A3956D46DE8}") = "Integration", "Integration", "{FDCFCDB5-43DB-46B0-8C1B-FC32FA0C6EBE}"
EndProject
Project("{2150E333-8FDC-42A3-9474-1A3956D46DE8}") = "Services", "Services", "{1F9B88E5-F73B-40A2-8AD1-F7FB145AC629}"
EndProject
Project("{9A19103F-16F7-4668-BE54-9A1E7A4F7556}") = "Mango.Services.CouponAPI", "Mango.Services.CouponAPI\Mango.Services.CouponAPI.csproj", "{2D86836F-221F-44A6-8A01-51F6FCB9E77B}"
EndProject
Project("{9A19103F-16F7-4668-BE54-9A1E7A4F7556}") = "Mango.Web", "Mango.Web\Mango.Web.csproj", "{1E0C10D2-A718-4FE0-A75C-8F1C6B0AC065}"
EndProject
Project("{FAE04EC0-301F-11D3-BF4B-00C04F79EFBC}") = "Mango.Services.AuthAPI", "Mango.Services.AuthAPI\Mango.Services.AuthAPI.csproj", "{F44BED5F-0EA7-4E75-BDB5-113A70280B7A}"
EndProject
Global
	GlobalSection(SolutionConfigurationPlatforms) = preSolution
		Debug|Any CPU = Debug|Any CPU
		Release|Any CPU = Release|Any CPU
	EndGlobalSection
	GlobalSection(ProjectConfigurationPlatforms) = postSolution
		{2D86836F-221F-44A6-8A01-51F6FCB9E77B}.Debug|Any CPU.ActiveCfg = Debug|Any CPU
		{2D86836F-221F-44A6-8A01-51F6FCB9E77B}.Debug|Any CPU.Build.0 = Debug|Any CPU
		{2D86836F-221F-44A6-8A01-51F6FCB9E77B}.Release|Any CPU.ActiveCfg = Release|Any CPU
		{2D86836F-221F-44A6-8A01-51F6FCB9E77B}.Release|Any CPU.Build.0 = Release|Any CPU
		{1E0C10D2-A718-4FE0-A75C-8F1C6B0AC065}.Debug|Any CPU.ActiveCfg = Debug|Any CPU
		{1E0C10D2-A718-4FE0-A75C-8F1C6B0AC065}.Debug|Any CPU.Build.0 = Debug|Any CPU
		{1E0C10D2-A718-4FE0-A75C-8F1C6B0AC065}.Release|Any CPU.ActiveCfg = Release|Any CPU
		{1E0C10D2-A718-4FE0-A75C-8F1C6B0AC065}.Release|Any CPU.Build.0 = Release|Any CPU
		{F44BED5F-0EA7-4E75-BDB5-113A70280B7A}.Debug|Any CPU.ActiveCfg = Debug|Any CPU
		{F44BED5F-0EA7-4E75-BDB5-113A70280B7A}.Debug|Any CPU.Build.0 = Debug|Any CPU
		{F44BED5F-0EA7-4E75-BDB5-113A70280B7A}.Release|Any CPU.ActiveCfg = Release|Any CPU
		{F44BED5F-0EA7-4E75-BDB5-113A70280B7A}.Release|Any CPU.Build.0 = Release|Any CPU
	EndGlobalSection
	GlobalSection(SolutionProperties) = preSolution
		HideSolutionNode = FALSE
	EndGlobalSection
	GlobalSection(NestedProjects) = preSolution
		{2D86836F-221F-44A6-8A01-51F6FCB9E77B} = {1F9B88E5-F73B-40A2-8AD1-F7FB145AC629}
		{1E0C10D2-A718-4FE0-A75C-8F1C6B0AC065} = {79F07C35-52B6-4E4D-A3AB-B0C4A24E8198}
		{F44BED5F-0EA7-4E75-BDB5-113A70280B7A} = {1F9B88E5-F73B-40A2-8AD1-F7FB145AC629}
	EndGlobalSection
	GlobalSection(ExtensibilityGlobals) = postSolution
		SolutionGuid = {9995965E-19D2-492A-85A9-FD72E083AE84}
	EndGlobalSection
EndGlobal
